// !$*UTF8*$!
{
	archiveVersion = 1;
	classes = {
	};
	objectVersion = 46;
	objects = {

/* Begin PBXBuildFile section */
		4805A5CB1DC0F65A004C6D50 /* AppDelegate.swift in Sources */ = {isa = PBXBuildFile; fileRef = 4805A5CA1DC0F65A004C6D50 /* AppDelegate.swift */; };
		4805A5CD1DC0F65A004C6D50 /* ViewController.swift in Sources */ = {isa = PBXBuildFile; fileRef = 4805A5CC1DC0F65A004C6D50 /* ViewController.swift */; };
		4805A5D01DC0F65A004C6D50 /* Main.storyboard in Resources */ = {isa = PBXBuildFile; fileRef = 4805A5CE1DC0F65A004C6D50 /* Main.storyboard */; };
		4805A5D21DC0F65A004C6D50 /* Assets.xcassets in Resources */ = {isa = PBXBuildFile; fileRef = 4805A5D11DC0F65A004C6D50 /* Assets.xcassets */; };
		4805A5D51DC0F65A004C6D50 /* LaunchScreen.storyboard in Resources */ = {isa = PBXBuildFile; fileRef = 4805A5D31DC0F65A004C6D50 /* LaunchScreen.storyboard */; };
		4805A5E01DC0F65A004C6D50 /* homesweethomeTests.swift in Sources */ = {isa = PBXBuildFile; fileRef = 4805A5DF1DC0F65A004C6D50 /* homesweethomeTests.swift */; };
		4805A5EB1DC0F65A004C6D50 /* homesweethomeUITests.swift in Sources */ = {isa = PBXBuildFile; fileRef = 4805A5EA1DC0F65A004C6D50 /* homesweethomeUITests.swift */; };
/* End PBXBuildFile section */

/* Begin PBXContainerItemProxy section */
		4805A5DC1DC0F65A004C6D50 /* PBXContainerItemProxy */ = {
			isa = PBXContainerItemProxy;
			containerPortal = 4805A5BF1DC0F65A004C6D50 /* Project object */;
			proxyType = 1;
			remoteGlobalIDString = 4805A5C61DC0F65A004C6D50;
			remoteInfo = homesweethome;
		};
		4805A5E71DC0F65A004C6D50 /* PBXContainerItemProxy */ = {
			isa = PBXContainerItemProxy;
			containerPortal = 4805A5BF1DC0F65A004C6D50 /* Project object */;
			proxyType = 1;
			remoteGlobalIDString = 4805A5C61DC0F65A004C6D50;
			remoteInfo = homesweethome;
		};
/* End PBXContainerItemProxy section */

/* Begin PBXFileReference section */
		4805A5C71DC0F65A004C6D50 /* homesweethome.app */ = {isa = PBXFileReference; explicitFileType = wrapper.application; includeInIndex = 0; path = homesweethome.app; sourceTree = BUILT_PRODUCTS_DIR; };
		4805A5CA1DC0F65A004C6D50 /* AppDelegate.swift */ = {isa = PBXFileReference; lastKnownFileType = sourcecode.swift; path = AppDelegate.swift; sourceTree = "<group>"; };
		4805A5CC1DC0F65A004C6D50 /* ViewController.swift */ = {isa = PBXFileReference; lastKnownFileType = sourcecode.swift; path = ViewController.swift; sourceTree = "<group>"; };
		4805A5CF1DC0F65A004C6D50 /* Base */ = {isa = PBXFileReference; lastKnownFileType = file.storyboard; name = Base; path = Base.lproj/Main.storyboard; sourceTree = "<group>"; };
		4805A5D11DC0F65A004C6D50 /* Assets.xcassets */ = {isa = PBXFileReference; lastKnownFileType = folder.assetcatalog; path = Assets.xcassets; sourceTree = "<group>"; };
		4805A5D41DC0F65A004C6D50 /* Base */ = {isa = PBXFileReference; lastKnownFileType = file.storyboard; name = Base; path = Base.lproj/LaunchScreen.storyboard; sourceTree = "<group>"; };
		4805A5D61DC0F65A004C6D50 /* Info.plist */ = {isa = PBXFileReference; lastKnownFileType = text.plist.xml; path = Info.plist; sourceTree = "<group>"; };
		4805A5DB1DC0F65A004C6D50 /* homesweethomeTests.xctest */ = {isa = PBXFileReference; explicitFileType = wrapper.cfbundle; includeInIndex = 0; path = homesweethomeTests.xctest; sourceTree = BUILT_PRODUCTS_DIR; };
		4805A5DF1DC0F65A004C6D50 /* homesweethomeTests.swift */ = {isa = PBXFileReference; lastKnownFileType = sourcecode.swift; path = homesweethomeTests.swift; sourceTree = "<group>"; };
		4805A5E11DC0F65A004C6D50 /* Info.plist */ = {isa = PBXFileReference; lastKnownFileType = text.plist.xml; path = Info.plist; sourceTree = "<group>"; };
		4805A5E61DC0F65A004C6D50 /* homesweethomeUITests.xctest */ = {isa = PBXFileReference; explicitFileType = wrapper.cfbundle; includeInIndex = 0; path = homesweethomeUITests.xctest; sourceTree = BUILT_PRODUCTS_DIR; };
		4805A5EA1DC0F65A004C6D50 /* homesweethomeUITests.swift */ = {isa = PBXFileReference; lastKnownFileType = sourcecode.swift; path = homesweethomeUITests.swift; sourceTree = "<group>"; };
		4805A5EC1DC0F65A004C6D50 /* Info.plist */ = {isa = PBXFileReference; lastKnownFileType = text.plist.xml; path = Info.plist; sourceTree = "<group>"; };
/* End PBXFileReference section */

/* Begin PBXFrameworksBuildPhase section */
		4805A5C41DC0F65A004C6D50 /* Frameworks */ = {
			isa = PBXFrameworksBuildPhase;
			buildActionMask = 2147483647;
			files = (
			);
			runOnlyForDeploymentPostprocessing = 0;
		};
		4805A5D81DC0F65A004C6D50 /* Frameworks */ = {
			isa = PBXFrameworksBuildPhase;
			buildActionMask = 2147483647;
			files = (
			);
			runOnlyForDeploymentPostprocessing = 0;
		};
		4805A5E31DC0F65A004C6D50 /* Frameworks */ = {
			isa = PBXFrameworksBuildPhase;
			buildActionMask = 2147483647;
			files = (
			);
			runOnlyForDeploymentPostprocessing = 0;
		};
/* End PBXFrameworksBuildPhase section */

/* Begin PBXGroup section */
		4805A5BE1DC0F65A004C6D50 = {
			isa = PBXGroup;
			children = (
				4805A5C91DC0F65A004C6D50 /* homesweethome */,
				4805A5DE1DC0F65A004C6D50 /* homesweethomeTests */,
				4805A5E91DC0F65A004C6D50 /* homesweethomeUITests */,
				4805A5C81DC0F65A004C6D50 /* Products */,
			);
			sourceTree = "<group>";
		};
		4805A5C81DC0F65A004C6D50 /* Products */ = {
			isa = PBXGroup;
			children = (
				4805A5C71DC0F65A004C6D50 /* homesweethome.app */,
				4805A5DB1DC0F65A004C6D50 /* homesweethomeTests.xctest */,
				4805A5E61DC0F65A004C6D50 /* homesweethomeUITests.xctest */,
			);
			name = Products;
			sourceTree = "<group>";
		};
		4805A5C91DC0F65A004C6D50 /* homesweethome */ = {
			isa = PBXGroup;
			children = (
				4805A5CA1DC0F65A004C6D50 /* AppDelegate.swift */,
				4805A5CC1DC0F65A004C6D50 /* ViewController.swift */,
				4805A5CE1DC0F65A004C6D50 /* Main.storyboard */,
				4805A5D11DC0F65A004C6D50 /* Assets.xcassets */,
				4805A5D31DC0F65A004C6D50 /* LaunchScreen.storyboard */,
				4805A5D61DC0F65A004C6D50 /* Info.plist */,
			);
			path = homesweethome;
			sourceTree = "<group>";
		};
		4805A5DE1DC0F65A004C6D50 /* homesweethomeTests */ = {
			isa = PBXGroup;
			children = (
				4805A5DF1DC0F65A004C6D50 /* homesweethomeTests.swift */,
				4805A5E11DC0F65A004C6D50 /* Info.plist */,
			);
			path = homesweethomeTests;
			sourceTree = "<group>";
		};
		4805A5E91DC0F65A004C6D50 /* homesweethomeUITests */ = {
			isa = PBXGroup;
			children = (
				4805A5EA1DC0F65A004C6D50 /* homesweethomeUITests.swift */,
				4805A5EC1DC0F65A004C6D50 /* Info.plist */,
			);
			path = homesweethomeUITests;
			sourceTree = "<group>";
		};
/* End PBXGroup section */

/* Begin PBXNativeTarget section */
		4805A5C61DC0F65A004C6D50 /* homesweethome */ = {
			isa = PBXNativeTarget;
			buildConfigurationList = 4805A5EF1DC0F65A004C6D50 /* Build configuration list for PBXNativeTarget "homesweethome" */;
			buildPhases = (
				4805A5C31DC0F65A004C6D50 /* Sources */,
				4805A5C41DC0F65A004C6D50 /* Frameworks */,
				4805A5C51DC0F65A004C6D50 /* Resources */,
			);
			buildRules = (
			);
			dependencies = (
			);
			name = homesweethome;
			productName = homesweethome;
			productReference = 4805A5C71DC0F65A004C6D50 /* homesweethome.app */;
			productType = "com.apple.product-type.application";
		};
		4805A5DA1DC0F65A004C6D50 /* homesweethomeTests */ = {
			isa = PBXNativeTarget;
			buildConfigurationList = 4805A5F21DC0F65A004C6D50 /* Build configuration list for PBXNativeTarget "homesweethomeTests" */;
			buildPhases = (
				4805A5D71DC0F65A004C6D50 /* Sources */,
				4805A5D81DC0F65A004C6D50 /* Frameworks */,
				4805A5D91DC0F65A004C6D50 /* Resources */,
			);
			buildRules = (
			);
			dependencies = (
				4805A5DD1DC0F65A004C6D50 /* PBXTargetDependency */,
			);
			name = homesweethomeTests;
			productName = homesweethomeTests;
			productReference = 4805A5DB1DC0F65A004C6D50 /* homesweethomeTests.xctest */;
			productType = "com.apple.product-type.bundle.unit-test";
		};
		4805A5E51DC0F65A004C6D50 /* homesweethomeUITests */ = {
			isa = PBXNativeTarget;
			buildConfigurationList = 4805A5F51DC0F65A004C6D50 /* Build configuration list for PBXNativeTarget "homesweethomeUITests" */;
			buildPhases = (
				4805A5E21DC0F65A004C6D50 /* Sources */,
				4805A5E31DC0F65A004C6D50 /* Frameworks */,
				4805A5E41DC0F65A004C6D50 /* Resources */,
			);
			buildRules = (
			);
			dependencies = (
				4805A5E81DC0F65A004C6D50 /* PBXTargetDependency */,
			);
			name = homesweethomeUITests;
			productName = homesweethomeUITests;
			productReference = 4805A5E61DC0F65A004C6D50 /* homesweethomeUITests.xctest */;
			productType = "com.apple.product-type.bundle.ui-testing";
		};
/* End PBXNativeTarget section */

/* Begin PBXProject section */
		4805A5BF1DC0F65A004C6D50 /* Project object */ = {
			isa = PBXProject;
			attributes = {
				LastSwiftUpdateCheck = 0800;
				LastUpgradeCheck = 0800;
				ORGANIZATIONNAME = KhaingKhaingLwin;
				TargetAttributes = {
					4805A5C61DC0F65A004C6D50 = {
						CreatedOnToolsVersion = 8.0;
						ProvisioningStyle = Automatic;
					};
					4805A5DA1DC0F65A004C6D50 = {
						CreatedOnToolsVersion = 8.0;
						ProvisioningStyle = Automatic;
						TestTargetID = 4805A5C61DC0F65A004C6D50;
					};
					4805A5E51DC0F65A004C6D50 = {
						CreatedOnToolsVersion = 8.0;
						ProvisioningStyle = Automatic;
						TestTargetID = 4805A5C61DC0F65A004C6D50;
					};
				};
			};
			buildConfigurationList = 4805A5C21DC0F65A004C6D50 /* Build configuration list for PBXProject "homesweethome" */;
			compatibilityVersion = "Xcode 3.2";
			developmentRegion = English;
			hasScannedForEncodings = 0;
			knownRegions = (
				en,
				Base,
			);
			mainGroup = 4805A5BE1DC0F65A004C6D50;
			productRefGroup = 4805A5C81DC0F65A004C6D50 /* Products */;
			projectDirPath = "";
			projectRoot = "";
			targets = (
				4805A5C61DC0F65A004C6D50 /* homesweethome */,
				4805A5DA1DC0F65A004C6D50 /* homesweethomeTests */,
				4805A5E51DC0F65A004C6D50 /* homesweethomeUITests */,
			);
		};
/* End PBXProject section */

/* Begin PBXResourcesBuildPhase section */
		4805A5C51DC0F65A004C6D50 /* Resources */ = {
			isa = PBXResourcesBuildPhase;
			buildActionMask = 2147483647;
			files = (
				4805A5D51DC0F65A004C6D50 /* LaunchScreen.storyboard in Resources */,
				4805A5D21DC0F65A004C6D50 /* Assets.xcassets in Resources */,
				4805A5D01DC0F65A004C6D50 /* Main.storyboard in Resources */,
			);
			runOnlyForDeploymentPostprocessing = 0;
		};
		4805A5D91DC0F65A004C6D50 /* Resources */ = {
			isa = PBXResourcesBuildPhase;
			buildActionMask = 2147483647;
			files = (
			);
			runOnlyForDeploymentPostprocessing = 0;
		};
		4805A5E41DC0F65A004C6D50 /* Resources */ = {
			isa = PBXResourcesBuildPhase;
			buildActionMask = 2147483647;
			files = (
			);
			runOnlyForDeploymentPostprocessing = 0;
		};
/* End PBXResourcesBuildPhase section */

/* Begin PBXSourcesBuildPhase section */
		4805A5C31DC0F65A004C6D50 /* Sources */ = {
			isa = PBXSourcesBuildPhase;
			buildActionMask = 2147483647;
			files = (
				4805A5CD1DC0F65A004C6D50 /* ViewController.swift in Sources */,
				4805A5CB1DC0F65A004C6D50 /* AppDelegate.swift in Sources */,
			);
			runOnlyForDeploymentPostprocessing = 0;
		};
		4805A5D71DC0F65A004C6D50 /* Sources */ = {
			isa = PBXSourcesBuildPhase;
			buildActionMask = 2147483647;
			files = (
				4805A5E01DC0F65A004C6D50 /* homesweethomeTests.swift in Sources */,
			);
			runOnlyForDeploymentPostprocessing = 0;
		};
		4805A5E21DC0F65A004C6D50 /* Sources */ = {
			isa = PBXSourcesBuildPhase;
			buildActionMask = 2147483647;
			files = (
				4805A5EB1DC0F65A004C6D50 /* homesweethomeUITests.swift in Sources */,
			);
			runOnlyForDeploymentPostprocessing = 0;
		};
/* End PBXSourcesBuildPhase section */

/* Begin PBXTargetDependency section */
		4805A5DD1DC0F65A004C6D50 /* PBXTargetDependency */ = {
			isa = PBXTargetDependency;
			target = 4805A5C61DC0F65A004C6D50 /* homesweethome */;
			targetProxy = 4805A5DC1DC0F65A004C6D50 /* PBXContainerItemProxy */;
		};
		4805A5E81DC0F65A004C6D50 /* PBXTargetDependency */ = {
			isa = PBXTargetDependency;
			target = 4805A5C61DC0F65A004C6D50 /* homesweethome */;
			targetProxy = 4805A5E71DC0F65A004C6D50 /* PBXContainerItemProxy */;
		};
/* End PBXTargetDependency section */

/* Begin PBXVariantGroup section */
		4805A5CE1DC0F65A004C6D50 /* Main.storyboard */ = {
			isa = PBXVariantGroup;
			children = (
				4805A5CF1DC0F65A004C6D50 /* Base */,
			);
			name = Main.storyboard;
			sourceTree = "<group>";
		};
		4805A5D31DC0F65A004C6D50 /* LaunchScreen.storyboard */ = {
			isa = PBXVariantGroup;
			children = (
				4805A5D41DC0F65A004C6D50 /* Base */,
			);
			name = LaunchScreen.storyboard;
			sourceTree = "<group>";
		};
/* End PBXVariantGroup section */

/* Begin XCBuildConfiguration section */
		4805A5ED1DC0F65A004C6D50 /* Debug */ = {
			isa = XCBuildConfiguration;
			buildSettings = {
				ALWAYS_SEARCH_USER_PATHS = NO;
				CLANG_ANALYZER_NONNULL = YES;
				CLANG_CXX_LANGUAGE_STANDARD = "gnu++0x";
				CLANG_CXX_LIBRARY = "libc++";
				CLANG_ENABLE_MODULES = YES;
				CLANG_ENABLE_OBJC_ARC = YES;
				CLANG_WARN_BOOL_CONVERSION = YES;
				CLANG_WARN_CONSTANT_CONVERSION = YES;
				CLANG_WARN_DIRECT_OBJC_ISA_USAGE = YES_ERROR;
				CLANG_WARN_DOCUMENTATION_COMMENTS = YES;
				CLANG_WARN_EMPTY_BODY = YES;
				CLANG_WARN_ENUM_CONVERSION = YES;
				CLANG_WARN_INFINITE_RECURSION = YES;
				CLANG_WARN_INT_CONVERSION = YES;
				CLANG_WARN_OBJC_ROOT_CLASS = YES_ERROR;
				CLANG_WARN_SUSPICIOUS_MOVES = YES;
				CLANG_WARN_UNREACHABLE_CODE = YES;
				CLANG_WARN__DUPLICATE_METHOD_MATCH = YES;
				"CODE_SIGN_IDENTITY[sdk=iphoneos*]" = "iPhone Developer";
				COPY_PHASE_STRIP = NO;
				DEBUG_INFORMATION_FORMAT = dwarf;
				ENABLE_STRICT_OBJC_MSGSEND = YES;
				ENABLE_TESTABILITY = YES;
				GCC_C_LANGUAGE_STANDARD = gnu99;
				GCC_DYNAMIC_NO_PIC = NO;
				GCC_NO_COMMON_BLOCKS = YES;
				GCC_OPTIMIZATION_LEVEL = 0;
				GCC_PREPROCESSOR_DEFINITIONS = (
					"DEBUG=1",
					"$(inherited)",
				);
				GCC_WARN_64_TO_32_BIT_CONVERSION = YES;
				GCC_WARN_ABOUT_RETURN_TYPE = YES_ERROR;
				GCC_WARN_UNDECLARED_SELECTOR = YES;
				GCC_WARN_UNINITIALIZED_AUTOS = YES_AGGRESSIVE;
				GCC_WARN_UNUSED_FUNCTION = YES;
				GCC_WARN_UNUSED_VARIABLE = YES;
				IPHONEOS_DEPLOYMENT_TARGET = 10.0;
				MTL_ENABLE_DEBUG_INFO = YES;
				ONLY_ACTIVE_ARCH = YES;
				SDKROOT = iphoneos;
				SWIFT_ACTIVE_COMPILATION_CONDITIONS = DEBUG;
				SWIFT_OPTIMIZATION_LEVEL = "-Onone";
				TARGETED_DEVICE_FAMILY = "1,2";
			};
			name = Debug;
		};
		4805A5EE1DC0F65A004C6D50 /* Release */ = {
			isa = XCBuildConfiguration;
			buildSettings = {
				ALWAYS_SEARCH_USER_PATHS = NO;
				CLANG_ANALYZER_NONNULL = YES;
				CLANG_CXX_LANGUAGE_STANDARD = "gnu++0x";
				CLANG_CXX_LIBRARY = "libc++";
				CLANG_ENABLE_MODULES = YES;
				CLANG_ENABLE_OBJC_ARC = YES;
				CLANG_WARN_BOOL_CONVERSION = YES;
				CLANG_WARN_CONSTANT_CONVERSION = YES;
				CLANG_WARN_DIRECT_OBJC_ISA_USAGE = YES_ERROR;
				CLANG_WARN_DOCUMENTATION_COMMENTS = YES;
				CLANG_WARN_EMPTY_BODY = YES;
				CLANG_WARN_ENUM_CONVERSION = YES;
				CLANG_WARN_INFINITE_RECURSION = YES;
				CLANG_WARN_INT_CONVERSION = YES;
				CLANG_WARN_OBJC_ROOT_CLASS = YES_ERROR;
				CLANG_WARN_SUSPICIOUS_MOVES = YES;
				CLANG_WARN_UNREACHABLE_CODE = YES;
				CLANG_WARN__DUPLICATE_METHOD_MATCH = YES;
				"CODE_SIGN_IDENTITY[sdk=iphoneos*]" = "iPhone Developer";
				COPY_PHASE_STRIP = NO;
				DEBUG_INFORMATION_FORMAT = "dwarf-with-dsym";
				ENABLE_NS_ASSERTIONS = NO;
				ENABLE_STRICT_OBJC_MSGSEND = YES;
				GCC_C_LANGUAGE_STANDARD = gnu99;
				GCC_NO_COMMON_BLOCKS = YES;
				GCC_WARN_64_TO_32_BIT_CONVERSION = YES;
				GCC_WARN_ABOUT_RETURN_TYPE = YES_ERROR;
				GCC_WARN_UNDECLARED_SELECTOR = YES;
				GCC_WARN_UNINITIALIZED_AUTOS = YES_AGGRESSIVE;
				GCC_WARN_UNUSED_FUNCTION = YES;
				GCC_WARN_UNUSED_VARIABLE = YES;
				IPHONEOS_DEPLOYMENT_TARGET = 10.0;
				MTL_ENABLE_DEBUG_INFO = NO;
				SDKROOT = iphoneos;
				SWIFT_OPTIMIZATION_LEVEL = "-Owholemodule";
				TARGETED_DEVICE_FAMILY = "1,2";
				VALIDATE_PRODUCT = YES;
			};
			name = Release;
		};
		4805A5F01DC0F65A004C6D50 /* Debug */ = {
			isa = XCBuildConfiguration;
			buildSettings = {
				ASSETCATALOG_COMPILER_APPICON_NAME = AppIcon;
				INFOPLIST_FILE = homesweethome/Info.plist;
				LD_RUNPATH_SEARCH_PATHS = "$(inherited) @executable_path/Frameworks";
				PRODUCT_BUNDLE_IDENTIFIER = com.kkl.homesweethome;
				PRODUCT_NAME = "$(TARGET_NAME)";
				SWIFT_VERSION = 3.0;
			};
			name = Debug;
		};
		4805A5F11DC0F65A004C6D50 /* Release */ = {
			isa = XCBuildConfiguration;
			buildSettings = {
				ASSETCATALOG_COMPILER_APPICON_NAME = AppIcon;
				INFOPLIST_FILE = homesweethome/Info.plist;
				LD_RUNPATH_SEARCH_PATHS = "$(inherited) @executable_path/Frameworks";
				PRODUCT_BUNDLE_IDENTIFIER = com.kkl.homesweethome;
				PRODUCT_NAME = "$(TARGET_NAME)";
				SWIFT_VERSION = 3.0;
			};
			name = Release;
		};
		4805A5F31DC0F65A004C6D50 /* Debug */ = {
			isa = XCBuildConfiguration;
			buildSettings = {
				ALWAYS_EMBED_SWIFT_STANDARD_LIBRARIES = YES;
				BUNDLE_LOADER = "$(TEST_HOST)";
				INFOPLIST_FILE = homesweethomeTests/Info.plist;
				LD_RUNPATH_SEARCH_PATHS = "$(inherited) @executable_path/Frameworks @loader_path/Frameworks";
				PRODUCT_BUNDLE_IDENTIFIER = com.kkl.homesweethomeTests;
				PRODUCT_NAME = "$(TARGET_NAME)";
				SWIFT_VERSION = 3.0;
				TEST_HOST = "$(BUILT_PRODUCTS_DIR)/homesweethome.app/homesweethome";
			};
			name = Debug;
		};
		4805A5F41DC0F65A004C6D50 /* Release */ = {
			isa = XCBuildConfiguration;
			buildSettings = {
				ALWAYS_EMBED_SWIFT_STANDARD_LIBRARIES = YES;
				BUNDLE_LOADER = "$(TEST_HOST)";
				INFOPLIST_FILE = homesweethomeTests/Info.plist;
				LD_RUNPATH_SEARCH_PATHS = "$(inherited) @executable_path/Frameworks @loader_path/Frameworks";
				PRODUCT_BUNDLE_IDENTIFIER = com.kkl.homesweethomeTests;
				PRODUCT_NAME = "$(TARGET_NAME)";
				SWIFT_VERSION = 3.0;
				TEST_HOST = "$(BUILT_PRODUCTS_DIR)/homesweethome.app/homesweethome";
			};
			name = Release;
		};
		4805A5F61DC0F65A004C6D50 /* Debug */ = {
			isa = XCBuildConfiguration;
			buildSettings = {
				ALWAYS_EMBED_SWIFT_STANDARD_LIBRARIES = YES;
				INFOPLIST_FILE = homesweethomeUITests/Info.plist;
				LD_RUNPATH_SEARCH_PATHS = "$(inherited) @executable_path/Frameworks @loader_path/Frameworks";
				PRODUCT_BUNDLE_IDENTIFIER = com.kkl.homesweethomeUITests;
				PRODUCT_NAME = "$(TARGET_NAME)";
				SWIFT_VERSION = 3.0;
				TEST_TARGET_NAME = homesweethome;
			};
			name = Debug;
		};
		4805A5F71DC0F65A004C6D50 /* Release */ = {
			isa = XCBuildConfiguration;
			buildSettings = {
				ALWAYS_EMBED_SWIFT_STANDARD_LIBRARIES = YES;
				INFOPLIST_FILE = homesweethomeUITests/Info.plist;
				LD_RUNPATH_SEARCH_PATHS = "$(inherited) @executable_path/Frameworks @loader_path/Frameworks";
				PRODUCT_BUNDLE_IDENTIFIER = com.kkl.homesweethomeUITests;
				PRODUCT_NAME = "$(TARGET_NAME)";
				SWIFT_VERSION = 3.0;
				TEST_TARGET_NAME = homesweethome;
			};
			name = Release;
		};
/* End XCBuildConfiguration section */

/* Begin XCConfigurationList section */
		4805A5C21DC0F65A004C6D50 /* Build configuration list for PBXProject "homesweethome" */ = {
			isa = XCConfigurationList;
			buildConfigurations = (
				4805A5ED1DC0F65A004C6D50 /* Debug */,
				4805A5EE1DC0F65A004C6D50 /* Release */,
			);
			defaultConfigurationIsVisible = 0;
			defaultConfigurationName = Release;
		};
		4805A5EF1DC0F65A004C6D50 /* Build configuration list for PBXNativeTarget "homesweethome" */ = {
			isa = XCConfigurationList;
			buildConfigurations = (
				4805A5F01DC0F65A004C6D50 /* Debug */,
				4805A5F11DC0F65A004C6D50 /* Release */,
			);
			defaultConfigurationIsVisible = 0;
		};
		4805A5F21DC0F65A004C6D50 /* Build configuration list for PBXNativeTarget "homesweethomeTests" */ = {
			isa = XCConfigurationList;
			buildConfigurations = (
				4805A5F31DC0F65A004C6D50 /* Debug */,
				4805A5F41DC0F65A004C6D50 /* Release */,
			);
			defaultConfigurationIsVisible = 0;
		};
		4805A5F51DC0F65A004C6D50 /* Build configuration list for PBXNativeTarget "homesweethomeUITests" */ = {
			isa = XCConfigurationList;
			buildConfigurations = (
				4805A5F61DC0F65A004C6D50 /* Debug */,
				4805A5F71DC0F65A004C6D50 /* Release */,
			);
			defaultConfigurationIsVisible = 0;
		};
/* End XCConfigurationList section */
	};
	rootObject = 4805A5BF1DC0F65A004C6D50 /* Project object */;
}
